
Microsoft Visual Studio Solution File, Format Version 12.00
# Visual Studio Version 17
VisualStudioVersion = 17.5.002.0
MinimumVisualStudioVersion = 10.0.40219.1
Project("{9A19103F-16F7-4668-BE54-9A1E7A4F7556}") = "Abstraction", "Abstraction.csproj", "{0D9D5D84-75EB-4B59-A683-0072E7F2CEBC}"
EndProject
Global
	GlobalSection(SolutionConfigurationPlatforms) = preSolution
		Debug|Any CPU = Debug|Any CPU
		Release|Any CPU = Release|Any CPU
	EndGlobalSection
	GlobalSection(ProjectConfigurationPlatforms) = postSolution
		{0D9D5D84-75EB-4B59-A683-0072E7F2CEBC}.Debug|Any CPU.ActiveCfg = Debug|Any CPU
		{0D9D5D84-75EB-4B59-A683-0072E7F2CEBC}.Debug|Any CPU.Build.0 = Debug|Any CPU
		{0D9D5D84-75EB-4B59-A683-0072E7F2CEBC}.Release|Any CPU.ActiveCfg = Release|Any CPU
		{0D9D5D84-75EB-4B59-A683-0072E7F2CEBC}.Release|Any CPU.Build.0 = Release|Any CPU
	EndGlobalSection
	GlobalSection(SolutionProperties) = preSolution
		HideSolutionNode = FALSE
	EndGlobalSection
	GlobalSection(ExtensibilityGlobals) = postSolution
		SolutionGuid = {C49264DF-CAB0-4943-9396-43CACC3DF153}
	EndGlobalSection
EndGlobal
